
Microsoft Visual Studio Solution File, Format Version 12.00
# Visual Studio Version 17
VisualStudioVersion = 17.4.33122.133
MinimumVisualStudioVersion = 10.0.40219.1
Project("{8BC9CEB8-8B4A-11D0-8D11-00A0C91BC942}") = "Installer", "Installer\Installer.vcxproj", "{F344D901-81BD-4EA3-B849-2004B54088AC}"
EndProject
Project("{8BC9CEB8-8B4A-11D0-8D11-00A0C91BC942}") = "ATLIconHandler", "ATLIconHandler\ATLIconHandler.vcxproj", "{A7DDD78E-8F80-4D3E-A655-2313FA011774}"
EndProject
Project("{8BC9CEB8-8B4A-11D0-8D11-00A0C91BC942}") = "ATLInfotipHandler", "ATLInfotipHandler\ATLInfotipHandler.vcxproj", "{1EDD2022-E71D-4B64-9754-A0C34326FF90}"
EndProject
Project("{8BC9CEB8-8B4A-11D0-8D11-00A0C91BC942}") = "ATLDropHandler", "ATLDropHandler\ATLDropHandler.vcxproj", "{18750243-75DC-4488-A98D-9237B9A15609}"
EndProject
Project("{8BC9CEB8-8B4A-11D0-8D11-00A0C91BC942}") = "ATLPropertySheetHandler", "ATLPropertySheetHandler\ATLPropertySheetHandler.vcxproj", "{75BA903B-7C83-43A8-AF7C-284686834CCA}"
EndProject
Project("{8BC9CEB8-8B4A-11D0-8D11-00A0C91BC942}") = "ATLIconOverlayHandler", "ATLIconOverlayHandler\ATLIconOverlayHandler.vcxproj", "{B9DDE4B5-CAFB-4BBA-90A2-750F96CEE2DC}"
EndProject
Project("{8BC9CEB8-8B4A-11D0-8D11-00A0C91BC942}") = "ATLCopyHookHandler", "ATLCopyHookHandler\ATLCopyHookHandler.vcxproj", "{0884E578-EA16-4183-B2DB-BA104B23D5F5}"
EndProject
Project("{8BC9CEB8-8B4A-11D0-8D11-00A0C91BC942}") = "ATLDataHandler", "ATLDataHandler\ATLDataHandler.vcxproj", "{7F5A0A76-7F88-4279-A5E3-5F9564A9666F}"
EndProject
Project("{8BC9CEB8-8B4A-11D0-8D11-00A0C91BC942}") = "ATLThumbnailImageHandler", "ATLThumbnailImageHandler\ATLThumbnailImageHandler.vcxproj", "{30542F22-C6EE-4441-962F-92CCC02A58AC}"
EndProject
Global
	GlobalSection(SolutionConfigurationPlatforms) = preSolution
		Debug|x64 = Debug|x64
		Debug|x86 = Debug|x86
		Release|x64 = Release|x64
		Release|x86 = Release|x86
	EndGlobalSection
	GlobalSection(ProjectConfigurationPlatforms) = postSolution
		{F344D901-81BD-4EA3-B849-2004B54088AC}.Debug|x64.ActiveCfg = Debug|x64
		{F344D901-81BD-4EA3-B849-2004B54088AC}.Debug|x64.Build.0 = Debug|x64
		{F344D901-81BD-4EA3-B849-2004B54088AC}.Debug|x86.ActiveCfg = Debug|Win32
		{F344D901-81BD-4EA3-B849-2004B54088AC}.Debug|x86.Build.0 = Debug|Win32
		{F344D901-81BD-4EA3-B849-2004B54088AC}.Release|x64.ActiveCfg = Release|x64
		{F344D901-81BD-4EA3-B849-2004B54088AC}.Release|x64.Build.0 = Release|x64
		{F344D901-81BD-4EA3-B849-2004B54088AC}.Release|x86.ActiveCfg = Release|Win32
		{F344D901-81BD-4EA3-B849-2004B54088AC}.Release|x86.Build.0 = Release|Win32
		{A7DDD78E-8F80-4D3E-A655-2313FA011774}.Debug|x64.ActiveCfg = Debug|x64
		{A7DDD78E-8F80-4D3E-A655-2313FA011774}.Debug|x64.Build.0 = Debug|x64
		{A7DDD78E-8F80-4D3E-A655-2313FA011774}.Debug|x86.ActiveCfg = Debug|Win32
		{A7DDD78E-8F80-4D3E-A655-2313FA011774}.Debug|x86.Build.0 = Debug|Win32
		{A7DDD78E-8F80-4D3E-A655-2313FA011774}.Release|x64.ActiveCfg = Release|x64
		{A7DDD78E-8F80-4D3E-A655-2313FA011774}.Release|x64.Build.0 = Release|x64
		{A7DDD78E-8F80-4D3E-A655-2313FA011774}.Release|x86.ActiveCfg = Release|Win32
		{A7DDD78E-8F80-4D3E-A655-2313FA011774}.Release|x86.Build.0 = Release|Win32
		{1EDD2022-E71D-4B64-9754-A0C34326FF90}.Debug|x64.ActiveCfg = Debug|x64
		{1EDD2022-E71D-4B64-9754-A0C34326FF90}.Debug|x64.Build.0 = Debug|x64
		{1EDD2022-E71D-4B64-9754-A0C34326FF90}.Debug|x86.ActiveCfg = Debug|Win32
		{1EDD2022-E71D-4B64-9754-A0C34326FF90}.Debug|x86.Build.0 = Debug|Win32
		{1EDD2022-E71D-4B64-9754-A0C34326FF90}.Release|x64.ActiveCfg = Release|x64
		{1EDD2022-E71D-4B64-9754-A0C34326FF90}.Release|x64.Build.0 = Release|x64
		{1EDD2022-E71D-4B64-9754-A0C34326FF90}.Release|x86.ActiveCfg = Release|Win32
		{1EDD2022-E71D-4B64-9754-A0C34326FF90}.Release|x86.Build.0 = Release|Win32
		{18750243-75DC-4488-A98D-9237B9A15609}.Debug|x64.ActiveCfg = Debug|x64
		{18750243-75DC-4488-A98D-9237B9A15609}.Debug|x64.Build.0 = Debug|x64
		{18750243-75DC-4488-A98D-9237B9A15609}.Debug|x86.ActiveCfg = Debug|Win32
		{18750243-75DC-4488-A98D-9237B9A15609}.Debug|x86.Build.0 = Debug|Win32
		{18750243-75DC-4488-A98D-9237B9A15609}.Release|x64.ActiveCfg = Release|x64
		{18750243-75DC-4488-A98D-9237B9A15609}.Release|x64.Build.0 = Release|x64
		{18750243-75DC-4488-A98D-9237B9A15609}.Release|x86.ActiveCfg = Release|Win32
		{18750243-75DC-4488-A98D-9237B9A15609}.Release|x86.Build.0 = Release|Win32
		{75BA903B-7C83-43A8-AF7C-284686834CCA}.Debug|x64.ActiveCfg = Debug|x64
		{75BA903B-7C83-43A8-AF7C-284686834CCA}.Debug|x64.Build.0 = Debug|x64
		{75BA903B-7C83-43A8-AF7C-284686834CCA}.Debug|x86.ActiveCfg = Debug|Win32
		{75BA903B-7C83-43A8-AF7C-284686834CCA}.Debug|x86.Build.0 = Debug|Win32
		{75BA903B-7C83-43A8-AF7C-284686834CCA}.Release|x64.ActiveCfg = Release|x64
		{75BA903B-7C83-43A8-AF7C-284686834CCA}.Release|x64.Build.0 = Release|x64
		{75BA903B-7C83-43A8-AF7C-284686834CCA}.Release|x86.ActiveCfg = Release|Win32
		{75BA903B-7C83-43A8-AF7C-284686834CCA}.Release|x86.Build.0 = Release|Win32
		{B9DDE4B5-CAFB-4BBA-90A2-750F96CEE2DC}.Debug|x64.ActiveCfg = Debug|x64
		{B9DDE4B5-CAFB-4BBA-90A2-750F96CEE2DC}.Debug|x64.Build.0 = Debug|x64
		{B9DDE4B5-CAFB-4BBA-90A2-750F96CEE2DC}.Debug|x86.ActiveCfg = Debug|Win32
		{B9DDE4B5-CAFB-4BBA-90A2-750F96CEE2DC}.Debug|x86.Build.0 = Debug|Win32
		{B9DDE4B5-CAFB-4BBA-90A2-750F96CEE2DC}.Release|x64.ActiveCfg = Release|x64
		{B9DDE4B5-CAFB-4BBA-90A2-750F96CEE2DC}.Release|x64.Build.0 = Release|x64
		{B9DDE4B5-CAFB-4BBA-90A2-750F96CEE2DC}.Release|x86.ActiveCfg = Release|Win32
		{B9DDE4B5-CAFB-4BBA-90A2-750F96CEE2DC}.Release|x86.Build.0 = Release|Win32
		{0884E578-EA16-4183-B2DB-BA104B23D5F5}.Debug|x64.ActiveCfg = Debug|x64
		{0884E578-EA16-4183-B2DB-BA104B23D5F5}.Debug|x64.Build.0 = Debug|x64
		{0884E578-EA16-4183-B2DB-BA104B23D5F5}.Debug|x86.ActiveCfg = Debug|Win32
		{0884E578-EA16-4183-B2DB-BA104B23D5F5}.Debug|x86.Build.0 = Debug|Win32
		{0884E578-EA16-4183-B2DB-BA104B23D5F5}.Release|x64.ActiveCfg = Release|x64
		{0884E578-EA16-4183-B2DB-BA104B23D5F5}.Release|x64.Build.0 = Release|x64
		{0884E578-EA16-4183-B2DB-BA104B23D5F5}.Release|x86.ActiveCfg = Release|Win32
		{0884E578-EA16-4183-B2DB-BA104B23D5F5}.Release|x86.Build.0 = Release|Win32
		{7F5A0A76-7F88-4279-A5E3-5F9564A9666F}.Debug|x64.ActiveCfg = Debug|x64
		{7F5A0A76-7F88-4279-A5E3-5F9564A9666F}.Debug|x64.Build.0 = Debug|x64
		{7F5A0A76-7F88-4279-A5E3-5F9564A9666F}.Debug|x86.ActiveCfg = Debug|Win32
		{7F5A0A76-7F88-4279-A5E3-5F9564A9666F}.Debug|x86.Build.0 = Debug|Win32
		{7F5A0A76-7F88-4279-A5E3-5F9564A9666F}.Release|x64.ActiveCfg = Release|x64
		{7F5A0A76-7F88-4279-A5E3-5F9564A9666F}.Release|x64.Build.0 = Release|x64
		{7F5A0A76-7F88-4279-A5E3-5F9564A9666F}.Release|x86.ActiveCfg = Release|Win32
		{7F5A0A76-7F88-4279-A5E3-5F9564A9666F}.Release|x86.Build.0 = Release|Win32
		{30542F22-C6EE-4441-962F-92CCC02A58AC}.Debug|x64.ActiveCfg = Debug|x64
		{30542F22-C6EE-4441-962F-92CCC02A58AC}.Debug|x64.Build.0 = Debug|x64
		{30542F22-C6EE-4441-962F-92CCC02A58AC}.Debug|x86.ActiveCfg = Debug|Win32
		{30542F22-C6EE-4441-962F-92CCC02A58AC}.Debug|x86.Build.0 = Debug|Win32
		{30542F22-C6EE-4441-962F-92CCC02A58AC}.Release|x64.ActiveCfg = Release|x64
		{30542F22-C6EE-4441-962F-92CCC02A58AC}.Release|x64.Build.0 = Release|x64
		{30542F22-C6EE-4441-962F-92CCC02A58AC}.Release|x86.ActiveCfg = Release|Win32
		{30542F22-C6EE-4441-962F-92CCC02A58AC}.Release|x86.Build.0 = Release|Win32
	EndGlobalSection
	GlobalSection(SolutionProperties) = preSolution
		HideSolutionNode = FALSE
	EndGlobalSection
	GlobalSection(ExtensibilityGlobals) = postSolution
		SolutionGuid = {112A1504-1CC7-43D2-A682-57C2ACA993E8}
	EndGlobalSection
EndGlobal
