
Microsoft Visual Studio Solution File, Format Version 12.00
# Visual Studio Version 17
VisualStudioVersion = 17.4.33122.133
MinimumVisualStudioVersion = 10.0.40219.1
Project("{8BC9CEB8-8B4A-11D0-8D11-00A0C91BC942}") = "Test004", "Test004\Test004.vcxproj", "{9DE020CA-5030-4461-AD05-6DECE0CF6FD0}"
EndProject
Project("{8BC9CEB8-8B4A-11D0-8D11-00A0C91BC942}") = "Test004.1", "Test004.1\Test004.1.vcxproj", "{B52C6EEA-7B08-42AD-A3E3-2F14B97116A6}"
EndProject
Project("{8BC9CEB8-8B4A-11D0-8D11-00A0C91BC942}") = "Test004.2", "Test004.2\Test004.2.vcxproj", "{E2BF8987-C715-4F15-A68C-C6C04C8670B2}"
EndProject
Project("{8BC9CEB8-8B4A-11D0-8D11-00A0C91BC942}") = "Test004.3", "Test004.3\Test004.3.vcxproj", "{4047B9DE-1D0B-4979-8130-15D60B5BFAE4}"
EndProject
Project("{8BC9CEB8-8B4A-11D0-8D11-00A0C91BC942}") = "Test004.4", "Test004.4\Test004.4.vcxproj", "{2AC4C5B5-9771-47CC-AA81-659F1EABBFA5}"
EndProject
Project("{8BC9CEB8-8B4A-11D0-8D11-00A0C91BC942}") = "Test004.5", "Test004.5\Test004.5.vcxproj", "{7544ABB8-A889-4B6E-9F44-7908C338F14B}"
EndProject
Project("{8BC9CEB8-8B4A-11D0-8D11-00A0C91BC942}") = "Test004.6", "Test004.6\Test004.6.vcxproj", "{6F311B77-7878-4AE1-A1F4-130F5CF584B1}"
EndProject
Project("{8BC9CEB8-8B4A-11D0-8D11-00A0C91BC942}") = "Installer", "Installer\Installer.vcxproj", "{F344D901-81BD-4EA3-B849-2004B54088AC}"
EndProject
Global
	GlobalSection(SolutionConfigurationPlatforms) = preSolution
		Debug|x64 = Debug|x64
		Debug|x86 = Debug|x86
		Release|x64 = Release|x64
		Release|x86 = Release|x86
	EndGlobalSection
	GlobalSection(ProjectConfigurationPlatforms) = postSolution
		{9DE020CA-5030-4461-AD05-6DECE0CF6FD0}.Debug|x64.ActiveCfg = Debug|x64
		{9DE020CA-5030-4461-AD05-6DECE0CF6FD0}.Debug|x64.Build.0 = Debug|x64
		{9DE020CA-5030-4461-AD05-6DECE0CF6FD0}.Debug|x86.ActiveCfg = Debug|Win32
		{9DE020CA-5030-4461-AD05-6DECE0CF6FD0}.Debug|x86.Build.0 = Debug|Win32
		{9DE020CA-5030-4461-AD05-6DECE0CF6FD0}.Release|x64.ActiveCfg = Release|x64
		{9DE020CA-5030-4461-AD05-6DECE0CF6FD0}.Release|x64.Build.0 = Release|x64
		{9DE020CA-5030-4461-AD05-6DECE0CF6FD0}.Release|x86.ActiveCfg = Release|Win32
		{9DE020CA-5030-4461-AD05-6DECE0CF6FD0}.Release|x86.Build.0 = Release|Win32
		{B52C6EEA-7B08-42AD-A3E3-2F14B97116A6}.Debug|x64.ActiveCfg = Debug|x64
		{B52C6EEA-7B08-42AD-A3E3-2F14B97116A6}.Debug|x64.Build.0 = Debug|x64
		{B52C6EEA-7B08-42AD-A3E3-2F14B97116A6}.Debug|x86.ActiveCfg = Debug|Win32
		{B52C6EEA-7B08-42AD-A3E3-2F14B97116A6}.Debug|x86.Build.0 = Debug|Win32
		{B52C6EEA-7B08-42AD-A3E3-2F14B97116A6}.Release|x64.ActiveCfg = Release|x64
		{B52C6EEA-7B08-42AD-A3E3-2F14B97116A6}.Release|x64.Build.0 = Release|x64
		{B52C6EEA-7B08-42AD-A3E3-2F14B97116A6}.Release|x86.ActiveCfg = Release|Win32
		{B52C6EEA-7B08-42AD-A3E3-2F14B97116A6}.Release|x86.Build.0 = Release|Win32
		{E2BF8987-C715-4F15-A68C-C6C04C8670B2}.Debug|x64.ActiveCfg = Debug|x64
		{E2BF8987-C715-4F15-A68C-C6C04C8670B2}.Debug|x64.Build.0 = Debug|x64
		{E2BF8987-C715-4F15-A68C-C6C04C8670B2}.Debug|x86.ActiveCfg = Debug|Win32
		{E2BF8987-C715-4F15-A68C-C6C04C8670B2}.Debug|x86.Build.0 = Debug|Win32
		{E2BF8987-C715-4F15-A68C-C6C04C8670B2}.Release|x64.ActiveCfg = Release|x64
		{E2BF8987-C715-4F15-A68C-C6C04C8670B2}.Release|x64.Build.0 = Release|x64
		{E2BF8987-C715-4F15-A68C-C6C04C8670B2}.Release|x86.ActiveCfg = Release|Win32
		{E2BF8987-C715-4F15-A68C-C6C04C8670B2}.Release|x86.Build.0 = Release|Win32
		{4047B9DE-1D0B-4979-8130-15D60B5BFAE4}.Debug|x64.ActiveCfg = Debug|x64
		{4047B9DE-1D0B-4979-8130-15D60B5BFAE4}.Debug|x64.Build.0 = Debug|x64
		{4047B9DE-1D0B-4979-8130-15D60B5BFAE4}.Debug|x86.ActiveCfg = Debug|Win32
		{4047B9DE-1D0B-4979-8130-15D60B5BFAE4}.Debug|x86.Build.0 = Debug|Win32
		{4047B9DE-1D0B-4979-8130-15D60B5BFAE4}.Release|x64.ActiveCfg = Release|x64
		{4047B9DE-1D0B-4979-8130-15D60B5BFAE4}.Release|x64.Build.0 = Release|x64
		{4047B9DE-1D0B-4979-8130-15D60B5BFAE4}.Release|x86.ActiveCfg = Release|Win32
		{4047B9DE-1D0B-4979-8130-15D60B5BFAE4}.Release|x86.Build.0 = Release|Win32
		{2AC4C5B5-9771-47CC-AA81-659F1EABBFA5}.Debug|x64.ActiveCfg = Debug|x64
		{2AC4C5B5-9771-47CC-AA81-659F1EABBFA5}.Debug|x64.Build.0 = Debug|x64
		{2AC4C5B5-9771-47CC-AA81-659F1EABBFA5}.Debug|x86.ActiveCfg = Debug|Win32
		{2AC4C5B5-9771-47CC-AA81-659F1EABBFA5}.Debug|x86.Build.0 = Debug|Win32
		{2AC4C5B5-9771-47CC-AA81-659F1EABBFA5}.Release|x64.ActiveCfg = Release|x64
		{2AC4C5B5-9771-47CC-AA81-659F1EABBFA5}.Release|x64.Build.0 = Release|x64
		{2AC4C5B5-9771-47CC-AA81-659F1EABBFA5}.Release|x86.ActiveCfg = Release|Win32
		{2AC4C5B5-9771-47CC-AA81-659F1EABBFA5}.Release|x86.Build.0 = Release|Win32
		{7544ABB8-A889-4B6E-9F44-7908C338F14B}.Debug|x64.ActiveCfg = Debug|x64
		{7544ABB8-A889-4B6E-9F44-7908C338F14B}.Debug|x64.Build.0 = Debug|x64
		{7544ABB8-A889-4B6E-9F44-7908C338F14B}.Debug|x86.ActiveCfg = Debug|Win32
		{7544ABB8-A889-4B6E-9F44-7908C338F14B}.Debug|x86.Build.0 = Debug|Win32
		{7544ABB8-A889-4B6E-9F44-7908C338F14B}.Release|x64.ActiveCfg = Release|x64
		{7544ABB8-A889-4B6E-9F44-7908C338F14B}.Release|x64.Build.0 = Release|x64
		{7544ABB8-A889-4B6E-9F44-7908C338F14B}.Release|x86.ActiveCfg = Release|Win32
		{7544ABB8-A889-4B6E-9F44-7908C338F14B}.Release|x86.Build.0 = Release|Win32
		{6F311B77-7878-4AE1-A1F4-130F5CF584B1}.Debug|x64.ActiveCfg = Debug|x64
		{6F311B77-7878-4AE1-A1F4-130F5CF584B1}.Debug|x64.Build.0 = Debug|x64
		{6F311B77-7878-4AE1-A1F4-130F5CF584B1}.Debug|x86.ActiveCfg = Debug|Win32
		{6F311B77-7878-4AE1-A1F4-130F5CF584B1}.Debug|x86.Build.0 = Debug|Win32
		{6F311B77-7878-4AE1-A1F4-130F5CF584B1}.Release|x64.ActiveCfg = Release|x64
		{6F311B77-7878-4AE1-A1F4-130F5CF584B1}.Release|x64.Build.0 = Release|x64
		{6F311B77-7878-4AE1-A1F4-130F5CF584B1}.Release|x86.ActiveCfg = Release|Win32
		{6F311B77-7878-4AE1-A1F4-130F5CF584B1}.Release|x86.Build.0 = Release|Win32
		{F344D901-81BD-4EA3-B849-2004B54088AC}.Debug|x64.ActiveCfg = Debug|x64
		{F344D901-81BD-4EA3-B849-2004B54088AC}.Debug|x64.Build.0 = Debug|x64
		{F344D901-81BD-4EA3-B849-2004B54088AC}.Debug|x86.ActiveCfg = Debug|Win32
		{F344D901-81BD-4EA3-B849-2004B54088AC}.Debug|x86.Build.0 = Debug|Win32
		{F344D901-81BD-4EA3-B849-2004B54088AC}.Release|x64.ActiveCfg = Release|x64
		{F344D901-81BD-4EA3-B849-2004B54088AC}.Release|x64.Build.0 = Release|x64
		{F344D901-81BD-4EA3-B849-2004B54088AC}.Release|x86.ActiveCfg = Release|Win32
		{F344D901-81BD-4EA3-B849-2004B54088AC}.Release|x86.Build.0 = Release|Win32
	EndGlobalSection
	GlobalSection(SolutionProperties) = preSolution
		HideSolutionNode = FALSE
	EndGlobalSection
	GlobalSection(ExtensibilityGlobals) = postSolution
		SolutionGuid = {112A1504-1CC7-43D2-A682-57C2ACA993E8}
	EndGlobalSection
EndGlobal
